{
  "lib/forge-std": {
    "tag": {
      "name": "v1.15.0",
      "rev": "0844d7e1fc5e60d77b68e469bff60265f236c398"
    }
  },
  "lib/hookmate": {
    "tag": {
      "name": "v0.5.1",
      "rev": "6c43b0ea438a09782c808a7508f94aaae912ad5f"
    }
  },
  "lib/reactive-lib": {
    "tag": {
      "name": "v0.2.0",
      "rev": "d664678a7d86204c9391af4cedfd5ae0b0b904e4"
    }
  },
  "lib/uniswap-hooks": {
    "tag": {
      "name": "v1.2.1",
      "rev": "acbd604c409a827f7f98c9517236da860c4fca1a"
    }
  }
}